
Microsoft Visual Studio Solution File, Format Version 12.00
# Visual Studio Version 17
VisualStudioVersion = 17.0.31903.59
MinimumVisualStudioVersion = 10.0.40219.1
Project("{FAE04EC0-301F-11D3-BF4B-00C04F79EFBC}") = "ConsoleCommander", "ConsoleCommander\ConsoleCommander.csproj", "{F2B9ED1A-4248-453D-9B20-D56771EE31C2}"
EndProject
Project("{FAE04EC0-301F-11D3-BF4B-00C04F79EFBC}") = "Csharp.Common", "..\Csharp.Common\Csharp.Common\Csharp.Common.csproj", "{3E54E511-3DA1-4153-A387-9C91A24EF029}"
EndProject
Global
	GlobalSection(SolutionConfigurationPlatforms) = preSolution
		Debug|Any CPU = Debug|Any CPU
		Release|Any CPU = Release|Any CPU
	EndGlobalSection
	GlobalSection(SolutionProperties) = preSolution
		HideSolutionNode = FALSE
	EndGlobalSection
	GlobalSection(ProjectConfigurationPlatforms) = postSolution
		{F2B9ED1A-4248-453D-9B20-D56771EE31C2}.Debug|Any CPU.ActiveCfg = Debug|Any CPU
		{F2B9ED1A-4248-453D-9B20-D56771EE31C2}.Debug|Any CPU.Build.0 = Debug|Any CPU
		{F2B9ED1A-4248-453D-9B20-D56771EE31C2}.Release|Any CPU.ActiveCfg = Release|Any CPU
		{F2B9ED1A-4248-453D-9B20-D56771EE31C2}.Release|Any CPU.Build.0 = Release|Any CPU
		{3E54E511-3DA1-4153-A387-9C91A24EF029}.Debug|Any CPU.ActiveCfg = Debug|Any CPU
		{3E54E511-3DA1-4153-A387-9C91A24EF029}.Debug|Any CPU.Build.0 = Debug|Any CPU
		{3E54E511-3DA1-4153-A387-9C91A24EF029}.Release|Any CPU.ActiveCfg = Release|Any CPU
		{3E54E511-3DA1-4153-A387-9C91A24EF029}.Release|Any CPU.Build.0 = Release|Any CPU
	EndGlobalSection
EndGlobal
